{
  "name": "@molao-ui/eslint-config",
  "version": "3.0.0",
  "lockfileVersion": 1,
  "requires": true,
  "dependencies": {
    "eslint-plugin-import-helpers": {
      "version": "1.3.1",
      "resolved": "https://registry.npmjs.org/eslint-plugin-import-helpers/-/eslint-plugin-import-helpers-1.3.1.tgz",
      "integrity": "sha512-MrACDozK6TmTJoCFHD71Ew3r5210Za3zlTrhX+fQGsyvxceaFvAI9AcvZ/8oSU0pZ61G3nDEn6mXY0T4S8cJEg==",
      "dev": true
    }
  }
}
